github.com/divinerites/plausible-hugo v1.15.5 h1:w4rwQhMLYpzZUKALwbcLurH8njjY7mGoA83M0HMmRUQ=
github.com/divinerites/plausible-hugo v1.15.5/go.mod h1:cxr+YB3FUwbLon8KCs4pV4Ankbkq6lJxTQUpNb5KqPo=
github.com/studiolampblack/influencer v0.0.0-20220120022340-722fe5d3ccef h1:zmUDt2sjmjUZJ+GgqTrfpxoInKvnTLoLzSw6+4gfrb4=
github.com/studiolampblack/influencer v0.0.0-20220120022340-722fe5d3ccef/go.mod h1:chLZs/1VWhADvia1gXOUZ6vSHUTrGucbyFr87XvohTw=
