github.com/studiolampblack/influencer v0.0.0-20220120024937-8ecb0a963cd8 h1:+n6ftmqXhO8OpdYAF9rpMyVacqkobF1cUxR+/zh79gw=
github.com/studiolampblack/influencer v0.0.0-20220120024937-8ecb0a963cd8/go.mod h1:xX5PAvBh7mjaFweVzCstdeml1vyU7u50tln5SzlRX5c=
github.com/studiolampblack/influencer v0.0.0-20220120135316-13528982c945 h1:MpZjDrwuCAO/dQDo83mMPNn0QC6lLvBNcilNrM+jrLY=
github.com/studiolampblack/influencer v0.0.0-20220120135316-13528982c945/go.mod h1:xX5PAvBh7mjaFweVzCstdeml1vyU7u50tln5SzlRX5c=
github.com/studiolampblack/influencer v0.0.0-20220122074551-645f7a477916 h1:sOnC4HkPTvbDnMefBM0Hd9oCnkglAFkCqsNzBa8h9jo=
github.com/studiolampblack/influencer v0.0.0-20220122074551-645f7a477916/go.mod h1:xX5PAvBh7mjaFweVzCstdeml1vyU7u50tln5SzlRX5c=
github.com/studiolampblack/influencer v0.0.0-20220122080150-f8f98c2a7174 h1:Mi3JcDKtkoNrHCC/7VhKcv6+m1JoW+2Rgtvu5ypFgT8=
github.com/studiolampblack/influencer v0.0.0-20220122080150-f8f98c2a7174/go.mod h1:xX5PAvBh7mjaFweVzCstdeml1vyU7u50tln5SzlRX5c=
